
Microsoft Visual Studio Solution File, Format Version 12.00
# Visual Studio Version 17
VisualStudioVersion = 17.9.34701.34
MinimumVisualStudioVersion = 10.0.40219.1
Project("{FAE04EC0-301F-11D3-BF4B-00C04F79EFBC}") = "Psd_webapicrud", "Psd_webapicrud\Psd_webapicrud.csproj", "{6540551C-C68D-49D1-B460-DDA1B17BF346}"
EndProject
Global
	GlobalSection(SolutionConfigurationPlatforms) = preSolution
		Debug|Any CPU = Debug|Any CPU
		Release|Any CPU = Release|Any CPU
	EndGlobalSection
	GlobalSection(ProjectConfigurationPlatforms) = postSolution
		{6540551C-C68D-49D1-B460-DDA1B17BF346}.Debug|Any CPU.ActiveCfg = Debug|Any CPU
		{6540551C-C68D-49D1-B460-DDA1B17BF346}.Debug|Any CPU.Build.0 = Debug|Any CPU
		{6540551C-C68D-49D1-B460-DDA1B17BF346}.Release|Any CPU.ActiveCfg = Release|Any CPU
		{6540551C-C68D-49D1-B460-DDA1B17BF346}.Release|Any CPU.Build.0 = Release|Any CPU
	EndGlobalSection
	GlobalSection(SolutionProperties) = preSolution
		HideSolutionNode = FALSE
	EndGlobalSection
	GlobalSection(ExtensibilityGlobals) = postSolution
		SolutionGuid = {69E9DA18-EB69-48BD-AB91-61E43ACE6AE2}
	EndGlobalSection
EndGlobal
